{
  "originHash" : "fb74e69e096f128caffb72678b6d294836a7343ac22dcea75e34d7050be444a6",
  "pins" : [
    {
      "identity" : "stripe-ios-spm",
      "kind" : "remoteSourceControl",
      "location" : "https://github.com/stripe/stripe-ios-spm",
      "state" : {
        "revision" : "89585fb51cc3846b38e4a1dc4481f382c2cd91af",
        "version" : "26.1.0"
      }
    },
    {
      "identity" : "stripe-terminal-ios",
      "kind" : "remoteSourceControl",
      "location" : "https://github.com/stripe/stripe-terminal-ios",
      "state" : {
        "revision" : "bc172ca3c6a17182b9ed89c775f6284c3ef272b9",
        "version" : "5.6.0"
      }
    }
  ],
  "version" : 3
}
